
Microsoft Visual Studio Solution File, Format Version 12.00
# Visual Studio Version 17
VisualStudioVersion = 17.13.35931.197 d17.13
MinimumVisualStudioVersion = 10.0.40219.1
Project("{F2A71F9B-5D33-465A-A702-920D77279786}") = "WebApplication1", "WebApplication1\WebApplication1.fsproj", "{EF4307BE-602E-4BBD-91F2-70D49E27C845}"
EndProject
Global
	GlobalSection(SolutionConfigurationPlatforms) = preSolution
		Debug|Any CPU = Debug|Any CPU
		Release|Any CPU = Release|Any CPU
	EndGlobalSection
	GlobalSection(ProjectConfigurationPlatforms) = postSolution
		{EF4307BE-602E-4BBD-91F2-70D49E27C845}.Debug|Any CPU.ActiveCfg = Debug|Any CPU
		{EF4307BE-602E-4BBD-91F2-70D49E27C845}.Debug|Any CPU.Build.0 = Debug|Any CPU
		{EF4307BE-602E-4BBD-91F2-70D49E27C845}.Release|Any CPU.ActiveCfg = Release|Any CPU
		{EF4307BE-602E-4BBD-91F2-70D49E27C845}.Release|Any CPU.Build.0 = Release|Any CPU
	EndGlobalSection
	GlobalSection(SolutionProperties) = preSolution
		HideSolutionNode = FALSE
	EndGlobalSection
	GlobalSection(ExtensibilityGlobals) = postSolution
		SolutionGuid = {14EEC532-86B1-4D7C-B288-980A9C92F3AF}
	EndGlobalSection
EndGlobal
